// !$*UTF8*$!
{
	archiveVersion = 1;
	classes = {
	};
	objectVersion = 50;
	objects = {

/* Begin PBXBuildFile section */
		3711A06F24D8D46A0072A231 /* FBSnapshotTestCase.framework in Frameworks */ = {isa = PBXBuildFile; fileRef = 37A0EBB724D8D07000D95F7C /* FBSnapshotTestCase.framework */; };
		3711A07024D8D46A0072A231 /* Nimble_Snapshots.framework in Frameworks */ = {isa = PBXBuildFile; fileRef = 37A0EBB524D8D07000D95F7C /* Nimble_Snapshots.framework */; };
		3711A07124D8D46A0072A231 /* Nimble.framework in Frameworks */ = {isa = PBXBuildFile; fileRef = 37A0EBB324D8D07000D95F7C /* Nimble.framework */; };
		3711A07224D8D46A0072A231 /* Quick.framework in Frameworks */ = {isa = PBXBuildFile; fileRef = 37A0EBB124D8D07000D95F7C /* Quick.framework */; };
		3744774724DB776900D90286 /* Plist.swift in Sources */ = {isa = PBXBuildFile; fileRef = 3744774624DB776900D90286 /* Plist.swift */; };
		3748872724D75B52003A2F4C /* AppDelegate.swift in Sources */ = {isa = PBXBuildFile; fileRef = 3748872624D75B52003A2F4C /* AppDelegate.swift */; };
		3748872924D75B52003A2F4C /* SceneDelegate.swift in Sources */ = {isa = PBXBuildFile; fileRef = 3748872824D75B52003A2F4C /* SceneDelegate.swift */; };
		3748872B24D75B52003A2F4C /* ViewController.swift in Sources */ = {isa = PBXBuildFile; fileRef = 3748872A24D75B52003A2F4C /* ViewController.swift */; };
		3748872E24D75B52003A2F4C /* Main.storyboard in Resources */ = {isa = PBXBuildFile; fileRef = 3748872C24D75B52003A2F4C /* Main.storyboard */; };
		3748873024D75B54003A2F4C /* Assets.xcassets in Resources */ = {isa = PBXBuildFile; fileRef = 3748872F24D75B54003A2F4C /* Assets.xcassets */; };
		3748873324D75B54003A2F4C /* LaunchScreen.storyboard in Resources */ = {isa = PBXBuildFile; fileRef = 3748873124D75B54003A2F4C /* LaunchScreen.storyboard */; };
		3748873E24D75B54003A2F4C /* BreedsTests.swift in Sources */ = {isa = PBXBuildFile; fileRef = 3748873D24D75B54003A2F4C /* BreedsTests.swift */; };
		37A0EBAD24D8D04C00D95F7C /* Alamofire.framework in Frameworks */ = {isa = PBXBuildFile; fileRef = 37A0EBAC24D8D04C00D95F7C /* Alamofire.framework */; };
		37A0EBBC24D8D07000D95F7C /* KingfisherSwiftUI.framework in Frameworks */ = {isa = PBXBuildFile; fileRef = 37A0EBB224D8D07000D95F7C /* KingfisherSwiftUI.framework */; };
		37A0EBC024D8D07100D95F7C /* Kingfisher.framework in Frameworks */ = {isa = PBXBuildFile; fileRef = 37A0EBB424D8D07000D95F7C /* Kingfisher.framework */; };
/* End PBXBuildFile section */

/* Begin PBXContainerItemProxy section */
		3748873A24D75B54003A2F4C /* PBXContainerItemProxy */ = {
			isa = PBXContainerItemProxy;
			containerPortal = 3748871B24D75B52003A2F4C /* Project object */;
			proxyType = 1;
			remoteGlobalIDString = 3748872224D75B52003A2F4C;
			remoteInfo = Breeds;
		};
/* End PBXContainerItemProxy section */

/* Begin PBXFileReference section */
		3744774624DB776900D90286 /* Plist.swift */ = {isa = PBXFileReference; lastKnownFileType = sourcecode.swift; path = Plist.swift; sourceTree = "<group>"; };
		3748872324D75B52003A2F4C /* Breeds.app */ = {isa = PBXFileReference; explicitFileType = wrapper.application; includeInIndex = 0; path = Breeds.app; sourceTree = BUILT_PRODUCTS_DIR; };
		3748872624D75B52003A2F4C /* AppDelegate.swift */ = {isa = PBXFileReference; lastKnownFileType = sourcecode.swift; path = AppDelegate.swift; sourceTree = "<group>"; };
		3748872824D75B52003A2F4C /* SceneDelegate.swift */ = {isa = PBXFileReference; lastKnownFileType = sourcecode.swift; path = SceneDelegate.swift; sourceTree = "<group>"; };
		3748872A24D75B52003A2F4C /* ViewController.swift */ = {isa = PBXFileReference; lastKnownFileType = sourcecode.swift; path = ViewController.swift; sourceTree = "<group>"; };
		3748872D24D75B52003A2F4C /* Base */ = {isa = PBXFileReference; lastKnownFileType = file.storyboard; name = Base; path = Base.lproj/Main.storyboard; sourceTree = "<group>"; };
		3748872F24D75B54003A2F4C /* Assets.xcassets */ = {isa = PBXFileReference; lastKnownFileType = folder.assetcatalog; path = Assets.xcassets; sourceTree = "<group>"; };
		3748873224D75B54003A2F4C /* Base */ = {isa = PBXFileReference; lastKnownFileType = file.storyboard; name = Base; path = Base.lproj/LaunchScreen.storyboard; sourceTree = "<group>"; };
		3748873424D75B54003A2F4C /* Info.plist */ = {isa = PBXFileReference; lastKnownFileType = text.plist.xml; path = Info.plist; sourceTree = "<group>"; };
		3748873924D75B54003A2F4C /* BreedsTests.xctest */ = {isa = PBXFileReference; explicitFileType = wrapper.cfbundle; includeInIndex = 0; path = BreedsTests.xctest; sourceTree = BUILT_PRODUCTS_DIR; };
		3748873D24D75B54003A2F4C /* BreedsTests.swift */ = {isa = PBXFileReference; lastKnownFileType = sourcecode.swift; path = BreedsTests.swift; sourceTree = "<group>"; };
		3748873F24D75B54003A2F4C /* Info.plist */ = {isa = PBXFileReference; lastKnownFileType = text.plist.xml; path = Info.plist; sourceTree = "<group>"; };
		37A0EBAC24D8D04C00D95F7C /* Alamofire.framework */ = {isa = PBXFileReference; lastKnownFileType = wrapper.framework; name = Alamofire.framework; path = Carthage/Build/iOS/Alamofire.framework; sourceTree = "<group>"; };
		37A0EBB024D8D07000D95F7C /* SWXMLHash.framework */ = {isa = PBXFileReference; lastKnownFileType = wrapper.framework; name = SWXMLHash.framework; path = Carthage/Build/iOS/SWXMLHash.framework; sourceTree = "<group>"; };
		37A0EBB124D8D07000D95F7C /* Quick.framework */ = {isa = PBXFileReference; lastKnownFileType = wrapper.framework; name = Quick.framework; path = Carthage/Build/iOS/Quick.framework; sourceTree = "<group>"; };
		37A0EBB224D8D07000D95F7C /* KingfisherSwiftUI.framework */ = {isa = PBXFileReference; lastKnownFileType = wrapper.framework; name = KingfisherSwiftUI.framework; path = Carthage/Build/iOS/KingfisherSwiftUI.framework; sourceTree = "<group>"; };
		37A0EBB324D8D07000D95F7C /* Nimble.framework */ = {isa = PBXFileReference; lastKnownFileType = wrapper.framework; name = Nimble.framework; path = Carthage/Build/iOS/Nimble.framework; sourceTree = "<group>"; };
		37A0EBB424D8D07000D95F7C /* Kingfisher.framework */ = {isa = PBXFileReference; lastKnownFileType = wrapper.framework; name = Kingfisher.framework; path = Carthage/Build/iOS/Kingfisher.framework; sourceTree = "<group>"; };
		37A0EBB524D8D07000D95F7C /* Nimble_Snapshots.framework */ = {isa = PBXFileReference; lastKnownFileType = wrapper.framework; name = Nimble_Snapshots.framework; path = Carthage/Build/iOS/Nimble_Snapshots.framework; sourceTree = "<group>"; };
		37A0EBB624D8D07000D95F7C /* Yams.framework */ = {isa = PBXFileReference; lastKnownFileType = wrapper.framework; name = Yams.framework; path = Carthage/Build/iOS/Yams.framework; sourceTree = "<group>"; };
		37A0EBB724D8D07000D95F7C /* FBSnapshotTestCase.framework */ = {isa = PBXFileReference; lastKnownFileType = wrapper.framework; name = FBSnapshotTestCase.framework; path = Carthage/Build/iOS/FBSnapshotTestCase.framework; sourceTree = "<group>"; };
/* End PBXFileReference section */

/* Begin PBXFrameworksBuildPhase section */
		3748872024D75B52003A2F4C /* Frameworks */ = {
			isa = PBXFrameworksBuildPhase;
			buildActionMask = 2147483647;
			files = (
				37A0EBBC24D8D07000D95F7C /* KingfisherSwiftUI.framework in Frameworks */,
				37A0EBAD24D8D04C00D95F7C /* Alamofire.framework in Frameworks */,
				37A0EBC024D8D07100D95F7C /* Kingfisher.framework in Frameworks */,
			);
			runOnlyForDeploymentPostprocessing = 0;
		};
		3748873624D75B54003A2F4C /* Frameworks */ = {
			isa = PBXFrameworksBuildPhase;
			buildActionMask = 2147483647;
			files = (
				3711A06F24D8D46A0072A231 /* FBSnapshotTestCase.framework in Frameworks */,
				3711A07024D8D46A0072A231 /* Nimble_Snapshots.framework in Frameworks */,
				3711A07124D8D46A0072A231 /* Nimble.framework in Frameworks */,
				3711A07224D8D46A0072A231 /* Quick.framework in Frameworks */,
			);
			runOnlyForDeploymentPostprocessing = 0;
		};
/* End PBXFrameworksBuildPhase section */

/* Begin PBXGroup section */
		3744774524DB775500D90286 /* Utils */ = {
			isa = PBXGroup;
			children = (
				3744774624DB776900D90286 /* Plist.swift */,
			);
			path = Utils;
			sourceTree = "<group>";
		};
		3744774824DB778200D90286 /* Application */ = {
			isa = PBXGroup;
			children = (
				3748872624D75B52003A2F4C /* AppDelegate.swift */,
				3748872824D75B52003A2F4C /* SceneDelegate.swift */,
			);
			path = Application;
			sourceTree = "<group>";
		};
		3748871A24D75B52003A2F4C = {
			isa = PBXGroup;
			children = (
				3748872524D75B52003A2F4C /* Breeds */,
				3748873C24D75B54003A2F4C /* BreedsTests */,
				3748872424D75B52003A2F4C /* Products */,
				37A0EBAB24D8D04C00D95F7C /* Frameworks */,
			);
			sourceTree = "<group>";
		};
		3748872424D75B52003A2F4C /* Products */ = {
			isa = PBXGroup;
			children = (
				3748872324D75B52003A2F4C /* Breeds.app */,
				3748873924D75B54003A2F4C /* BreedsTests.xctest */,
			);
			name = Products;
			sourceTree = "<group>";
		};
		3748872524D75B52003A2F4C /* Breeds */ = {
			isa = PBXGroup;
			children = (
				3748872624D75B52003A2F4C /* AppDelegate.swift */,
				3748872824D75B52003A2F4C /* SceneDelegate.swift */,
				3748872A24D75B52003A2F4C /* ViewController.swift */,
				3748872C24D75B52003A2F4C /* Main.storyboard */,
				3748872F24D75B54003A2F4C /* Assets.xcassets */,
				3748873124D75B54003A2F4C /* LaunchScreen.storyboard */,
				3748873424D75B54003A2F4C /* Info.plist */,
			);
			path = Breeds;
			sourceTree = "<group>";
		};
		3748873C24D75B54003A2F4C /* BreedsTests */ = {
			isa = PBXGroup;
			children = (
				3748873D24D75B54003A2F4C /* BreedsTests.swift */,
				3748873F24D75B54003A2F4C /* Info.plist */,
			);
			path = BreedsTests;
			sourceTree = "<group>";
		};
		37A0EBAB24D8D04C00D95F7C /* Frameworks */ = {
			isa = PBXGroup;
			children = (
				37A0EBB724D8D07000D95F7C /* FBSnapshotTestCase.framework */,
				37A0EBB424D8D07000D95F7C /* Kingfisher.framework */,
				37A0EBB224D8D07000D95F7C /* KingfisherSwiftUI.framework */,
				37A0EBB524D8D07000D95F7C /* Nimble_Snapshots.framework */,
				37A0EBB324D8D07000D95F7C /* Nimble.framework */,
				37A0EBB124D8D07000D95F7C /* Quick.framework */,
				37A0EBB024D8D07000D95F7C /* SWXMLHash.framework */,
				37A0EBB624D8D07000D95F7C /* Yams.framework */,
				37A0EBAC24D8D04C00D95F7C /* Alamofire.framework */,
			);
			name = Frameworks;
			sourceTree = "<group>";
		};
/* End PBXGroup section */

/* Begin PBXNativeTarget section */
		3748872224D75B52003A2F4C /* Breeds */ = {
			isa = PBXNativeTarget;
			buildConfigurationList = 3748874224D75B54003A2F4C /* Build configuration list for PBXNativeTarget "Breeds" */;
			buildPhases = (
				3748871F24D75B52003A2F4C /* Sources */,
				3748872024D75B52003A2F4C /* Frameworks */,
				3748872124D75B52003A2F4C /* Resources */,
				37A0EBAA24D8CBCE00D95F7C /* Carthage */,
				3711A07424D8D7340072A231 /* Swift Lint */,
				3711A07624D8E6850072A231 /* Build Secrets Property List */,
			);
			buildRules = (
			);
			dependencies = (
			);
			name = Breeds;
			productName = Breeds;
			productReference = 3748872324D75B52003A2F4C /* Breeds.app */;
			productType = "com.apple.product-type.application";
		};
		3748873824D75B54003A2F4C /* BreedsTests */ = {
			isa = PBXNativeTarget;
			buildConfigurationList = 3748874524D75B54003A2F4C /* Build configuration list for PBXNativeTarget "BreedsTests" */;
			buildPhases = (
				3748873524D75B54003A2F4C /* Sources */,
				3748873624D75B54003A2F4C /* Frameworks */,
				3748873724D75B54003A2F4C /* Resources */,
				3711A07324D8D4830072A231 /* Carthage */,
			);
			buildRules = (
			);
			dependencies = (
				3748873B24D75B54003A2F4C /* PBXTargetDependency */,
			);
			name = BreedsTests;
			productName = BreedsTests;
			productReference = 3748873924D75B54003A2F4C /* BreedsTests.xctest */;
			productType = "com.apple.product-type.bundle.unit-test";
		};
/* End PBXNativeTarget section */

/* Begin PBXProject section */
		3748871B24D75B52003A2F4C /* Project object */ = {
			isa = PBXProject;
			attributes = {
				LastSwiftUpdateCheck = 1160;
				LastUpgradeCheck = 1160;
				ORGANIZATIONNAME = borges.erick;
				TargetAttributes = {
					3748872224D75B52003A2F4C = {
						CreatedOnToolsVersion = 11.6;
					};
					3748873824D75B54003A2F4C = {
						CreatedOnToolsVersion = 11.6;
						TestTargetID = 3748872224D75B52003A2F4C;
					};
				};
			};
			buildConfigurationList = 3748871E24D75B52003A2F4C /* Build configuration list for PBXProject "Breeds" */;
			compatibilityVersion = "Xcode 9.3";
			developmentRegion = en;
			hasScannedForEncodings = 0;
			knownRegions = (
				en,
				Base,
			);
			mainGroup = 3748871A24D75B52003A2F4C;
			productRefGroup = 3748872424D75B52003A2F4C /* Products */;
			projectDirPath = "";
			projectRoot = "";
			targets = (
				3748872224D75B52003A2F4C /* Breeds */,
				3748873824D75B54003A2F4C /* BreedsTests */,
			);
		};
/* End PBXProject section */

/* Begin PBXResourcesBuildPhase section */
		3748872124D75B52003A2F4C /* Resources */ = {
			isa = PBXResourcesBuildPhase;
			buildActionMask = 2147483647;
			files = (
				3748873324D75B54003A2F4C /* LaunchScreen.storyboard in Resources */,
				3748873024D75B54003A2F4C /* Assets.xcassets in Resources */,
				3748872E24D75B52003A2F4C /* Main.storyboard in Resources */,
			);
			runOnlyForDeploymentPostprocessing = 0;
		};
		3748873724D75B54003A2F4C /* Resources */ = {
			isa = PBXResourcesBuildPhase;
			buildActionMask = 2147483647;
			files = (
			);
			runOnlyForDeploymentPostprocessing = 0;
		};
/* End PBXResourcesBuildPhase section */

/* Begin PBXShellScriptBuildPhase section */
		3711A07324D8D4830072A231 /* Carthage */ = {
			isa = PBXShellScriptBuildPhase;
			buildActionMask = 2147483647;
			files = (
			);
			inputFileListPaths = (
			);
			inputPaths = (
				"$(SRCROOT)/Carthage/Build/iOS/FBSnapshotTestCase.framework",
				"$(SRCROOT)/Carthage/Build/iOS/Nimble_Snapshots.framework",
				"$(SRCROOT)/Carthage/Build/iOS/Nimble.framework",
				"$(SRCROOT)/Carthage/Build/iOS/Quick.framework",
			);
			name = Carthage;
			outputFileListPaths = (
			);
			outputPaths = (
				"$(BUILT_PRODUCTS_DIR)/$(FRAMEWORKS_FOLDER_PATH)/FBSnapshotTestCase.framework",
				"$(BUILT_PRODUCTS_DIR)/$(FRAMEWORKS_FOLDER_PATH)/Nimble_Snapshots.framework",
				"$(BUILT_PRODUCTS_DIR)/$(FRAMEWORKS_FOLDER_PATH)/Nimble.framework",
				"$(BUILT_PRODUCTS_DIR)/$(FRAMEWORKS_FOLDER_PATH)/Quick.framework",
			);
			runOnlyForDeploymentPostprocessing = 0;
			shellPath = /bin/sh;
			shellScript = "/usr/local/bin/carthage copy-frameworks\n";
		};
		3711A07424D8D7340072A231 /* Swift Lint */ = {
			isa = PBXShellScriptBuildPhase;
			buildActionMask = 2147483647;
			files = (
			);
			inputFileListPaths = (
			);
			inputPaths = (
			);
			name = "Swift Lint";
			outputFileListPaths = (
			);
			outputPaths = (
			);
			runOnlyForDeploymentPostprocessing = 0;
			shellPath = /bin/zsh;
			shellScript = "#!/bin/bash\nif which swiftlint >/dev/null; then\n  swiftlint\nelse\n  echo -e \"warning: SwiftLint not installed, download from https://github.com/realm/SwiftLint, or simbly \\\"$ brew install swiftlint\\\"\"\nfi\n";
		};
		3711A07624D8E6850072A231 /* Build Secrets Property List */ = {
			isa = PBXShellScriptBuildPhase;
			buildActionMask = 12;
			files = (
			);
			inputFileListPaths = (
			);
			inputPaths = (
			);
			name = "Build Secrets Property List";
			outputFileListPaths = (
			);
			outputPaths = (
			);
			runOnlyForDeploymentPostprocessing = 0;
			shellPath = /bin/zsh;
			shellScript = "# checks if Secrets.plist exists before running\nif ! [ -f ${SRCROOT}/Breeds/Secrets.plist ]; then\n    echo \"error: Please run the command BuildSecretsPlist from the Source file of the project. It will create a .plist file with the required secrets needed to run the project.\"\n    exit 1 \nfi\n";
		};
		37A0EBAA24D8CBCE00D95F7C /* Carthage */ = {
			isa = PBXShellScriptBuildPhase;
			buildActionMask = 2147483647;
			files = (
			);
			inputFileListPaths = (
			);
			inputPaths = (
				"$(SRCROOT)/Carthage/Build/iOS/Alamofire.framework",
				"$(SRCROOT)/Carthage/Build/iOS/Kingfisher.framework",
				"$(SRCROOT)/Carthage/Build/iOS/KingfisherSwiftUI.framework",
				"$(SRCROOT)/Carthage/Build/iOS/SWXMLHash.framework",
				"$(SRCROOT)/Carthage/Build/iOS/Yams.framework",
			);
			name = Carthage;
			outputFileListPaths = (
			);
			outputPaths = (
				"$(BUILT_PRODUCTS_DIR)/$(FRAMEWORKS_FOLDER_PATH)/Alamofire.framework",
				"$(BUILT_PRODUCTS_DIR)/$(FRAMEWORKS_FOLDER_PATH)/Kingfisher.framework",
				"$(BUILT_PRODUCTS_DIR)/$(FRAMEWORKS_FOLDER_PATH)/KingfisherSwiftUI.framework",
				"$(BUILT_PRODUCTS_DIR)/$(FRAMEWORKS_FOLDER_PATH)/SWXMLHash.framework",
				"$(BUILT_PRODUCTS_DIR)/$(FRAMEWORKS_FOLDER_PATH)/Yams.framework",
			);
			runOnlyForDeploymentPostprocessing = 0;
			shellPath = /bin/zsh;
			shellScript = "/usr/local/bin/carthage copy-frameworks\n";
		};
/* End PBXShellScriptBuildPhase section */

/* Begin PBXSourcesBuildPhase section */
		3748871F24D75B52003A2F4C /* Sources */ = {
			isa = PBXSourcesBuildPhase;
			buildActionMask = 2147483647;
			files = (
				3744774724DB776900D90286 /* Plist.swift in Sources */,
				3748872B24D75B52003A2F4C /* ViewController.swift in Sources */,
				3748872724D75B52003A2F4C /* AppDelegate.swift in Sources */,
				3748872924D75B52003A2F4C /* SceneDelegate.swift in Sources */,
			);
			runOnlyForDeploymentPostprocessing = 0;
		};
		3748873524D75B54003A2F4C /* Sources */ = {
			isa = PBXSourcesBuildPhase;
			buildActionMask = 2147483647;
			files = (
				3748873E24D75B54003A2F4C /* BreedsTests.swift in Sources */,
			);
			runOnlyForDeploymentPostprocessing = 0;
		};
/* End PBXSourcesBuildPhase section */

/* Begin PBXTargetDependency section */
		3748873B24D75B54003A2F4C /* PBXTargetDependency */ = {
			isa = PBXTargetDependency;
			target = 3748872224D75B52003A2F4C /* Breeds */;
			targetProxy = 3748873A24D75B54003A2F4C /* PBXContainerItemProxy */;
		};
/* End PBXTargetDependency section */

/* Begin PBXVariantGroup section */
		3748872C24D75B52003A2F4C /* Main.storyboard */ = {
			isa = PBXVariantGroup;
			children = (
				3748872D24D75B52003A2F4C /* Base */,
			);
			name = Main.storyboard;
			sourceTree = "<group>";
		};
		3748873124D75B54003A2F4C /* LaunchScreen.storyboard */ = {
			isa = PBXVariantGroup;
			children = (
				3748873224D75B54003A2F4C /* Base */,
			);
			name = LaunchScreen.storyboard;
			sourceTree = "<group>";
		};
/* End PBXVariantGroup section */

/* Begin XCBuildConfiguration section */
		3748874024D75B54003A2F4C /* Debug */ = {
			isa = XCBuildConfiguration;
			buildSettings = {
				ALWAYS_SEARCH_USER_PATHS = NO;
				CLANG_ANALYZER_NONNULL = YES;
				CLANG_ANALYZER_NUMBER_OBJECT_CONVERSION = YES_AGGRESSIVE;
				CLANG_CXX_LANGUAGE_STANDARD = "gnu++14";
				CLANG_CXX_LIBRARY = "libc++";
				CLANG_ENABLE_MODULES = YES;
				CLANG_ENABLE_OBJC_ARC = YES;
				CLANG_ENABLE_OBJC_WEAK = YES;
				CLANG_WARN_BLOCK_CAPTURE_AUTORELEASING = YES;
				CLANG_WARN_BOOL_CONVERSION = YES;
				CLANG_WARN_COMMA = YES;
				CLANG_WARN_CONSTANT_CONVERSION = YES;
				CLANG_WARN_DEPRECATED_OBJC_IMPLEMENTATIONS = YES;
				CLANG_WARN_DIRECT_OBJC_ISA_USAGE = YES_ERROR;
				CLANG_WARN_DOCUMENTATION_COMMENTS = YES;
				CLANG_WARN_EMPTY_BODY = YES;
				CLANG_WARN_ENUM_CONVERSION = YES;
				CLANG_WARN_INFINITE_RECURSION = YES;
				CLANG_WARN_INT_CONVERSION = YES;
				CLANG_WARN_NON_LITERAL_NULL_CONVERSION = YES;
				CLANG_WARN_OBJC_IMPLICIT_RETAIN_SELF = YES;
				CLANG_WARN_OBJC_LITERAL_CONVERSION = YES;
				CLANG_WARN_OBJC_ROOT_CLASS = YES_ERROR;
				CLANG_WARN_RANGE_LOOP_ANALYSIS = YES;
				CLANG_WARN_STRICT_PROTOTYPES = YES;
				CLANG_WARN_SUSPICIOUS_MOVE = YES;
				CLANG_WARN_UNGUARDED_AVAILABILITY = YES_AGGRESSIVE;
				CLANG_WARN_UNREACHABLE_CODE = YES;
				CLANG_WARN__DUPLICATE_METHOD_MATCH = YES;
				COPY_PHASE_STRIP = NO;
				DEBUG_INFORMATION_FORMAT = dwarf;
				ENABLE_STRICT_OBJC_MSGSEND = YES;
				ENABLE_TESTABILITY = YES;
				GCC_C_LANGUAGE_STANDARD = gnu11;
				GCC_DYNAMIC_NO_PIC = NO;
				GCC_NO_COMMON_BLOCKS = YES;
				GCC_OPTIMIZATION_LEVEL = 0;
				GCC_PREPROCESSOR_DEFINITIONS = (
					"DEBUG=1",
					"$(inherited)",
				);
				GCC_WARN_64_TO_32_BIT_CONVERSION = YES;
				GCC_WARN_ABOUT_RETURN_TYPE = YES_ERROR;
				GCC_WARN_UNDECLARED_SELECTOR = YES;
				GCC_WARN_UNINITIALIZED_AUTOS = YES_AGGRESSIVE;
				GCC_WARN_UNUSED_FUNCTION = YES;
				GCC_WARN_UNUSED_VARIABLE = YES;
				IPHONEOS_DEPLOYMENT_TARGET = 13.6;
				MTL_ENABLE_DEBUG_INFO = INCLUDE_SOURCE;
				MTL_FAST_MATH = YES;
				ONLY_ACTIVE_ARCH = YES;
				SDKROOT = iphoneos;
				SWIFT_ACTIVE_COMPILATION_CONDITIONS = DEBUG;
				SWIFT_OPTIMIZATION_LEVEL = "-Onone";
			};
			name = Debug;
		};
		3748874124D75B54003A2F4C /* Release */ = {
			isa = XCBuildConfiguration;
			buildSettings = {
				ALWAYS_SEARCH_USER_PATHS = NO;
				CLANG_ANALYZER_NONNULL = YES;
				CLANG_ANALYZER_NUMBER_OBJECT_CONVERSION = YES_AGGRESSIVE;
				CLANG_CXX_LANGUAGE_STANDARD = "gnu++14";
				CLANG_CXX_LIBRARY = "libc++";
				CLANG_ENABLE_MODULES = YES;
				CLANG_ENABLE_OBJC_ARC = YES;
				CLANG_ENABLE_OBJC_WEAK = YES;
				CLANG_WARN_BLOCK_CAPTURE_AUTORELEASING = YES;
				CLANG_WARN_BOOL_CONVERSION = YES;
				CLANG_WARN_COMMA = YES;
				CLANG_WARN_CONSTANT_CONVERSION = YES;
				CLANG_WARN_DEPRECATED_OBJC_IMPLEMENTATIONS = YES;
				CLANG_WARN_DIRECT_OBJC_ISA_USAGE = YES_ERROR;
				CLANG_WARN_DOCUMENTATION_COMMENTS = YES;
				CLANG_WARN_EMPTY_BODY = YES;
				CLANG_WARN_ENUM_CONVERSION = YES;
				CLANG_WARN_INFINITE_RECURSION = YES;
				CLANG_WARN_INT_CONVERSION = YES;
				CLANG_WARN_NON_LITERAL_NULL_CONVERSION = YES;
				CLANG_WARN_OBJC_IMPLICIT_RETAIN_SELF = YES;
				CLANG_WARN_OBJC_LITERAL_CONVERSION = YES;
				CLANG_WARN_OBJC_ROOT_CLASS = YES_ERROR;
				CLANG_WARN_RANGE_LOOP_ANALYSIS = YES;
				CLANG_WARN_STRICT_PROTOTYPES = YES;
				CLANG_WARN_SUSPICIOUS_MOVE = YES;
				CLANG_WARN_UNGUARDED_AVAILABILITY = YES_AGGRESSIVE;
				CLANG_WARN_UNREACHABLE_CODE = YES;
				CLANG_WARN__DUPLICATE_METHOD_MATCH = YES;
				COPY_PHASE_STRIP = NO;
				DEBUG_INFORMATION_FORMAT = "dwarf-with-dsym";
				ENABLE_NS_ASSERTIONS = NO;
				ENABLE_STRICT_OBJC_MSGSEND = YES;
				GCC_C_LANGUAGE_STANDARD = gnu11;
				GCC_NO_COMMON_BLOCKS = YES;
				GCC_WARN_64_TO_32_BIT_CONVERSION = YES;
				GCC_WARN_ABOUT_RETURN_TYPE = YES_ERROR;
				GCC_WARN_UNDECLARED_SELECTOR = YES;
				GCC_WARN_UNINITIALIZED_AUTOS = YES_AGGRESSIVE;
				GCC_WARN_UNUSED_FUNCTION = YES;
				GCC_WARN_UNUSED_VARIABLE = YES;
				IPHONEOS_DEPLOYMENT_TARGET = 13.6;
				MTL_ENABLE_DEBUG_INFO = NO;
				MTL_FAST_MATH = YES;
				SDKROOT = iphoneos;
				SWIFT_COMPILATION_MODE = wholemodule;
				SWIFT_OPTIMIZATION_LEVEL = "-O";
				VALIDATE_PRODUCT = YES;
			};
			name = Release;
		};
		3748874324D75B54003A2F4C /* Debug */ = {
			isa = XCBuildConfiguration;
			buildSettings = {
				ASSETCATALOG_COMPILER_APPICON_NAME = AppIcon;
				CODE_SIGN_STYLE = Automatic;
				DEVELOPMENT_TEAM = QQ8Z3L4APX;
				FRAMEWORK_SEARCH_PATHS = (
					"$(inherited)",
					"$(PROJECT_DIR)/Carthage/Build/iOS",
				);
				INFOPLIST_FILE = Breeds/Info.plist;
				LD_RUNPATH_SEARCH_PATHS = (
					"$(inherited)",
					"@executable_path/Frameworks",
				);
				PRODUCT_BUNDLE_IDENTIFIER = com.borges.erick.Breeds;
				PRODUCT_NAME = "$(TARGET_NAME)";
				SWIFT_VERSION = 5.0;
				TARGETED_DEVICE_FAMILY = "1,2";
			};
			name = Debug;
		};
		3748874424D75B54003A2F4C /* Release */ = {
			isa = XCBuildConfiguration;
			buildSettings = {
				ASSETCATALOG_COMPILER_APPICON_NAME = AppIcon;
				CODE_SIGN_STYLE = Automatic;
				DEVELOPMENT_TEAM = QQ8Z3L4APX;
				FRAMEWORK_SEARCH_PATHS = (
					"$(inherited)",
					"$(PROJECT_DIR)/Carthage/Build/iOS",
				);
				INFOPLIST_FILE = Breeds/Info.plist;
				LD_RUNPATH_SEARCH_PATHS = (
					"$(inherited)",
					"@executable_path/Frameworks",
				);
				PRODUCT_BUNDLE_IDENTIFIER = com.borges.erick.Breeds;
				PRODUCT_NAME = "$(TARGET_NAME)";
				SWIFT_VERSION = 5.0;
				TARGETED_DEVICE_FAMILY = "1,2";
			};
			name = Release;
		};
		3748874624D75B54003A2F4C /* Debug */ = {
			isa = XCBuildConfiguration;
			buildSettings = {
				ALWAYS_EMBED_SWIFT_STANDARD_LIBRARIES = YES;
				BUNDLE_LOADER = "$(TEST_HOST)";
				CODE_SIGN_STYLE = Automatic;
				DEVELOPMENT_TEAM = QQ8Z3L4APX;
				FRAMEWORK_SEARCH_PATHS = (
					"$(inherited)",
					"$(PROJECT_DIR)/Carthage/Build/iOS",
				);
				INFOPLIST_FILE = BreedsTests/Info.plist;
				IPHONEOS_DEPLOYMENT_TARGET = 13.6;
				LD_RUNPATH_SEARCH_PATHS = (
					"$(inherited)",
					"@executable_path/Frameworks",
					"@loader_path/Frameworks",
				);
				PRODUCT_BUNDLE_IDENTIFIER = com.borges.erick.BreedsTests;
				PRODUCT_NAME = "$(TARGET_NAME)";
				SWIFT_VERSION = 5.0;
				TARGETED_DEVICE_FAMILY = "1,2";
				TEST_HOST = "$(BUILT_PRODUCTS_DIR)/Breeds.app/Breeds";
			};
			name = Debug;
		};
		3748874724D75B54003A2F4C /* Release */ = {
			isa = XCBuildConfiguration;
			buildSettings = {
				ALWAYS_EMBED_SWIFT_STANDARD_LIBRARIES = YES;
				BUNDLE_LOADER = "$(TEST_HOST)";
				CODE_SIGN_STYLE = Automatic;
				DEVELOPMENT_TEAM = QQ8Z3L4APX;
				FRAMEWORK_SEARCH_PATHS = (
					"$(inherited)",
					"$(PROJECT_DIR)/Carthage/Build/iOS",
				);
				INFOPLIST_FILE = BreedsTests/Info.plist;
				IPHONEOS_DEPLOYMENT_TARGET = 13.6;
				LD_RUNPATH_SEARCH_PATHS = (
					"$(inherited)",
					"@executable_path/Frameworks",
					"@loader_path/Frameworks",
				);
				PRODUCT_BUNDLE_IDENTIFIER = com.borges.erick.BreedsTests;
				PRODUCT_NAME = "$(TARGET_NAME)";
				SWIFT_VERSION = 5.0;
				TARGETED_DEVICE_FAMILY = "1,2";
				TEST_HOST = "$(BUILT_PRODUCTS_DIR)/Breeds.app/Breeds";
			};
			name = Release;
		};
/* End XCBuildConfiguration section */

/* Begin XCConfigurationList section */
		3748871E24D75B52003A2F4C /* Build configuration list for PBXProject "Breeds" */ = {
			isa = XCConfigurationList;
			buildConfigurations = (
				3748874024D75B54003A2F4C /* Debug */,
				3748874124D75B54003A2F4C /* Release */,
			);
			defaultConfigurationIsVisible = 0;
			defaultConfigurationName = Release;
		};
		3748874224D75B54003A2F4C /* Build configuration list for PBXNativeTarget "Breeds" */ = {
			isa = XCConfigurationList;
			buildConfigurations = (
				3748874324D75B54003A2F4C /* Debug */,
				3748874424D75B54003A2F4C /* Release */,
			);
			defaultConfigurationIsVisible = 0;
			defaultConfigurationName = Release;
		};
		3748874524D75B54003A2F4C /* Build configuration list for PBXNativeTarget "BreedsTests" */ = {
			isa = XCConfigurationList;
			buildConfigurations = (
				3748874624D75B54003A2F4C /* Debug */,
				3748874724D75B54003A2F4C /* Release */,
			);
			defaultConfigurationIsVisible = 0;
			defaultConfigurationName = Release;
		};
/* End XCConfigurationList section */
	};
	rootObject = 3748871B24D75B52003A2F4C /* Project object */;
}
