// !$*UTF8*$!
{
	archiveVersion = 1;
	classes = {
	};
	objectVersion = 51;
	objects = {

/* Begin PBXBuildFile section */
		373EA9D524DCC0B800A2F236 /* TheDogAPIConfig.swift in Sources */ = {isa = PBXBuildFile; fileRef = 37EE2BD824DB6677000590C6 /* TheDogAPIConfig.swift */; };
		373EA9DC24DCC22D00A2F236 /* ImagesAPI.swift in Sources */ = {isa = PBXBuildFile; fileRef = 373EA9DB24DCC22D00A2F236 /* ImagesAPI.swift */; };
		373EA9DE24DCC29B00A2F236 /* Image.swift in Sources */ = {isa = PBXBuildFile; fileRef = 373EA9DD24DCC29B00A2F236 /* Image.swift */; };
		3744774B24DB783600D90286 /* BreedsAPI.swift in Sources */ = {isa = PBXBuildFile; fileRef = 3744774A24DB783600D90286 /* BreedsAPI.swift */; };
		3744774F24DB969200D90286 /* Breed.swift in Sources */ = {isa = PBXBuildFile; fileRef = 3744774E24DB969200D90286 /* Breed.swift */; };
		3748872724D75B52003A2F4C /* AppDelegate.swift in Sources */ = {isa = PBXBuildFile; fileRef = 3748872624D75B52003A2F4C /* AppDelegate.swift */; };
		3748872924D75B52003A2F4C /* SceneDelegate.swift in Sources */ = {isa = PBXBuildFile; fileRef = 3748872824D75B52003A2F4C /* SceneDelegate.swift */; };
		3748872E24D75B52003A2F4C /* Main.storyboard in Resources */ = {isa = PBXBuildFile; fileRef = 3748872C24D75B52003A2F4C /* Main.storyboard */; };
		3748873024D75B54003A2F4C /* Assets.xcassets in Resources */ = {isa = PBXBuildFile; fileRef = 3748872F24D75B54003A2F4C /* Assets.xcassets */; };
		3748873324D75B54003A2F4C /* LaunchScreen.storyboard in Resources */ = {isa = PBXBuildFile; fileRef = 3748873124D75B54003A2F4C /* LaunchScreen.storyboard */; };
		3748873E24D75B54003A2F4C /* BreedsTests.swift in Sources */ = {isa = PBXBuildFile; fileRef = 3748873D24D75B54003A2F4C /* BreedsTests.swift */; };
		37A84D6B24E20FE70006AF73 /* Colors.swift in Sources */ = {isa = PBXBuildFile; fileRef = 37A84D6A24E20FE70006AF73 /* Colors.swift */; };
		37A84D7024E213300006AF73 /* UIColor+Boilerplate.swift in Sources */ = {isa = PBXBuildFile; fileRef = 37A84D6E24E212EE0006AF73 /* UIColor+Boilerplate.swift */; };
		37A84D7324E2205B0006AF73 /* Identifier.swift in Sources */ = {isa = PBXBuildFile; fileRef = 37A84D7224E2205B0006AF73 /* Identifier.swift */; };
		37C2308224DF4D7E00D82388 /* RequestManager.swift in Sources */ = {isa = PBXBuildFile; fileRef = 37C2308124DF4D7E00D82388 /* RequestManager.swift */; };
		37C2308424DF4DC500D82388 /* AlamofireRequestManager.swift in Sources */ = {isa = PBXBuildFile; fileRef = 37C2308324DF4DC500D82388 /* AlamofireRequestManager.swift */; };
		37C2308F24E09F0C00D82388 /* UIImage+SetImage.swift in Sources */ = {isa = PBXBuildFile; fileRef = 37C2308E24E09F0C00D82388 /* UIImage+SetImage.swift */; };
		9439795505D3184BFDB61602 /* Pods_BreedsTests.framework in Frameworks */ = {isa = PBXBuildFile; fileRef = A77D1D9BB46E9DEF6BD0EF04 /* Pods_BreedsTests.framework */; };
		B2983B49D64C07ABAD4EB011 /* Pods_Breeds.framework in Frameworks */ = {isa = PBXBuildFile; fileRef = 16ED894158264549FFF536FF /* Pods_Breeds.framework */; };
/* End PBXBuildFile section */

/* Begin PBXContainerItemProxy section */
		3748873A24D75B54003A2F4C /* PBXContainerItemProxy */ = {
			isa = PBXContainerItemProxy;
			containerPortal = 3748871B24D75B52003A2F4C /* Project object */;
			proxyType = 1;
			remoteGlobalIDString = 3748872224D75B52003A2F4C;
			remoteInfo = Breeds;
		};
/* End PBXContainerItemProxy section */

/* Begin PBXFileReference section */
		16ED894158264549FFF536FF /* Pods_Breeds.framework */ = {isa = PBXFileReference; explicitFileType = wrapper.framework; includeInIndex = 0; path = Pods_Breeds.framework; sourceTree = BUILT_PRODUCTS_DIR; };
		1B008D59051ECCFC609BCC1E /* Pods-BreedsTests.debug.xcconfig */ = {isa = PBXFileReference; includeInIndex = 1; lastKnownFileType = text.xcconfig; name = "Pods-BreedsTests.debug.xcconfig"; path = "Target Support Files/Pods-BreedsTests/Pods-BreedsTests.debug.xcconfig"; sourceTree = "<group>"; };
		373EA9DB24DCC22D00A2F236 /* ImagesAPI.swift */ = {isa = PBXFileReference; lastKnownFileType = sourcecode.swift; path = ImagesAPI.swift; sourceTree = "<group>"; };
		373EA9DD24DCC29B00A2F236 /* Image.swift */ = {isa = PBXFileReference; lastKnownFileType = sourcecode.swift; path = Image.swift; sourceTree = "<group>"; };
		3744774A24DB783600D90286 /* BreedsAPI.swift */ = {isa = PBXFileReference; lastKnownFileType = sourcecode.swift; path = BreedsAPI.swift; sourceTree = "<group>"; };
		3744774E24DB969200D90286 /* Breed.swift */ = {isa = PBXFileReference; lastKnownFileType = sourcecode.swift; path = Breed.swift; sourceTree = "<group>"; };
		3748872324D75B52003A2F4C /* Breeds.app */ = {isa = PBXFileReference; explicitFileType = wrapper.application; includeInIndex = 0; path = Breeds.app; sourceTree = BUILT_PRODUCTS_DIR; };
		3748872624D75B52003A2F4C /* AppDelegate.swift */ = {isa = PBXFileReference; lastKnownFileType = sourcecode.swift; path = AppDelegate.swift; sourceTree = "<group>"; };
		3748872824D75B52003A2F4C /* SceneDelegate.swift */ = {isa = PBXFileReference; lastKnownFileType = sourcecode.swift; path = SceneDelegate.swift; sourceTree = "<group>"; };
		3748872D24D75B52003A2F4C /* Base */ = {isa = PBXFileReference; lastKnownFileType = file.storyboard; name = Base; path = Base.lproj/Main.storyboard; sourceTree = "<group>"; };
		3748872F24D75B54003A2F4C /* Assets.xcassets */ = {isa = PBXFileReference; lastKnownFileType = folder.assetcatalog; path = Assets.xcassets; sourceTree = "<group>"; };
		3748873224D75B54003A2F4C /* Base */ = {isa = PBXFileReference; lastKnownFileType = file.storyboard; name = Base; path = Base.lproj/LaunchScreen.storyboard; sourceTree = "<group>"; };
		3748873424D75B54003A2F4C /* Info.plist */ = {isa = PBXFileReference; lastKnownFileType = text.plist.xml; path = Info.plist; sourceTree = "<group>"; };
		3748873924D75B54003A2F4C /* BreedsTests.xctest */ = {isa = PBXFileReference; explicitFileType = wrapper.cfbundle; includeInIndex = 0; path = BreedsTests.xctest; sourceTree = BUILT_PRODUCTS_DIR; };
		3748873D24D75B54003A2F4C /* BreedsTests.swift */ = {isa = PBXFileReference; lastKnownFileType = sourcecode.swift; path = BreedsTests.swift; sourceTree = "<group>"; };
		3748873F24D75B54003A2F4C /* Info.plist */ = {isa = PBXFileReference; lastKnownFileType = text.plist.xml; path = Info.plist; sourceTree = "<group>"; };
		37A84D6A24E20FE70006AF73 /* Colors.swift */ = {isa = PBXFileReference; lastKnownFileType = sourcecode.swift; path = Colors.swift; sourceTree = "<group>"; };
		37A84D6E24E212EE0006AF73 /* UIColor+Boilerplate.swift */ = {isa = PBXFileReference; lastKnownFileType = sourcecode.swift; path = "UIColor+Boilerplate.swift"; sourceTree = "<group>"; };
		37A84D7224E2205B0006AF73 /* Identifier.swift */ = {isa = PBXFileReference; lastKnownFileType = sourcecode.swift; path = Identifier.swift; sourceTree = "<group>"; };
		37C2308124DF4D7E00D82388 /* RequestManager.swift */ = {isa = PBXFileReference; lastKnownFileType = sourcecode.swift; path = RequestManager.swift; sourceTree = "<group>"; };
		37C2308324DF4DC500D82388 /* AlamofireRequestManager.swift */ = {isa = PBXFileReference; lastKnownFileType = sourcecode.swift; path = AlamofireRequestManager.swift; sourceTree = "<group>"; };
		37C2308E24E09F0C00D82388 /* UIImage+SetImage.swift */ = {isa = PBXFileReference; lastKnownFileType = sourcecode.swift; path = "UIImage+SetImage.swift"; sourceTree = "<group>"; };
		37EE2BD824DB6677000590C6 /* TheDogAPIConfig.swift */ = {isa = PBXFileReference; lastKnownFileType = sourcecode.swift; path = TheDogAPIConfig.swift; sourceTree = "<group>"; };
		9EFB0DB30FD29FF68C30A243 /* Pods-BreedsTests.release.xcconfig */ = {isa = PBXFileReference; includeInIndex = 1; lastKnownFileType = text.xcconfig; name = "Pods-BreedsTests.release.xcconfig"; path = "Target Support Files/Pods-BreedsTests/Pods-BreedsTests.release.xcconfig"; sourceTree = "<group>"; };
		A77D1D9BB46E9DEF6BD0EF04 /* Pods_BreedsTests.framework */ = {isa = PBXFileReference; explicitFileType = wrapper.framework; includeInIndex = 0; path = Pods_BreedsTests.framework; sourceTree = BUILT_PRODUCTS_DIR; };
		C8A49B37F5DFD717EAE19500 /* Pods-Breeds.debug.xcconfig */ = {isa = PBXFileReference; includeInIndex = 1; lastKnownFileType = text.xcconfig; name = "Pods-Breeds.debug.xcconfig"; path = "Target Support Files/Pods-Breeds/Pods-Breeds.debug.xcconfig"; sourceTree = "<group>"; };
		F77BC15B0F23444CBA5524D4 /* Pods-Breeds.release.xcconfig */ = {isa = PBXFileReference; includeInIndex = 1; lastKnownFileType = text.xcconfig; name = "Pods-Breeds.release.xcconfig"; path = "Target Support Files/Pods-Breeds/Pods-Breeds.release.xcconfig"; sourceTree = "<group>"; };
/* End PBXFileReference section */

/* Begin PBXFrameworksBuildPhase section */
		3748872024D75B52003A2F4C /* Frameworks */ = {
			isa = PBXFrameworksBuildPhase;
			buildActionMask = 2147483647;
			files = (
				B2983B49D64C07ABAD4EB011 /* Pods_Breeds.framework in Frameworks */,
			);
			runOnlyForDeploymentPostprocessing = 0;
		};
		3748873624D75B54003A2F4C /* Frameworks */ = {
			isa = PBXFrameworksBuildPhase;
			buildActionMask = 2147483647;
			files = (
				9439795505D3184BFDB61602 /* Pods_BreedsTests.framework in Frameworks */,
			);
			runOnlyForDeploymentPostprocessing = 0;
		};
/* End PBXFrameworksBuildPhase section */

/* Begin PBXGroup section */
		373EA9D724DCC18E00A2F236 /* TheDogAPI */ = {
			isa = PBXGroup;
			children = (
				37EE2BD824DB6677000590C6 /* TheDogAPIConfig.swift */,
				3744774C24DB967A00D90286 /* Breeds */,
				373EA9D824DCC1C200A2F236 /* Images */,
			);
			path = TheDogAPI;
			sourceTree = "<group>";
		};
		373EA9D824DCC1C200A2F236 /* Images */ = {
			isa = PBXGroup;
			children = (
				373EA9D924DCC1D700A2F236 /* API */,
				373EA9DA24DCC1DB00A2F236 /* Model */,
			);
			path = Images;
			sourceTree = "<group>";
		};
		373EA9D924DCC1D700A2F236 /* API */ = {
			isa = PBXGroup;
			children = (
				373EA9DB24DCC22D00A2F236 /* ImagesAPI.swift */,
			);
			path = API;
			sourceTree = "<group>";
		};
		373EA9DA24DCC1DB00A2F236 /* Model */ = {
			isa = PBXGroup;
			children = (
				373EA9DD24DCC29B00A2F236 /* Image.swift */,
			);
			path = Model;
			sourceTree = "<group>";
		};
		3744774824DB778200D90286 /* Application */ = {
			isa = PBXGroup;
			children = (
				3748872624D75B52003A2F4C /* AppDelegate.swift */,
				3748872824D75B52003A2F4C /* SceneDelegate.swift */,
			);
			path = Application;
			sourceTree = "<group>";
		};
		3744774C24DB967A00D90286 /* Breeds */ = {
			isa = PBXGroup;
			children = (
				3744775224DB972700D90286 /* API */,
				3744774D24DB968300D90286 /* Model */,
			);
			path = Breeds;
			sourceTree = "<group>";
		};
		3744774D24DB968300D90286 /* Model */ = {
			isa = PBXGroup;
			children = (
				3744774E24DB969200D90286 /* Breed.swift */,
			);
			path = Model;
			sourceTree = "<group>";
		};
		3744775224DB972700D90286 /* API */ = {
			isa = PBXGroup;
			children = (
				3744774A24DB783600D90286 /* BreedsAPI.swift */,
			);
			path = API;
			sourceTree = "<group>";
		};
		3748871A24D75B52003A2F4C = {
			isa = PBXGroup;
			children = (
				3748872524D75B52003A2F4C /* Breeds */,
				3748873C24D75B54003A2F4C /* BreedsTests */,
				3748872424D75B52003A2F4C /* Products */,
				F5448412D7EA64F9D001EAD2 /* Pods */,
				EF2C8F5656BC059BC8CFE99D /* Frameworks */,
			);
			sourceTree = "<group>";
		};
		3748872424D75B52003A2F4C /* Products */ = {
			isa = PBXGroup;
			children = (
				3748872324D75B52003A2F4C /* Breeds.app */,
				3748873924D75B54003A2F4C /* BreedsTests.xctest */,
			);
			name = Products;
			sourceTree = "<group>";
		};
		3748872524D75B52003A2F4C /* Breeds */ = {
			isa = PBXGroup;
			children = (
				3748873124D75B54003A2F4C /* LaunchScreen.storyboard */,
				3748872C24D75B52003A2F4C /* Main.storyboard */,
				3748873424D75B54003A2F4C /* Info.plist */,
				3744774824DB778200D90286 /* Application */,
				37EE2BD724DB664D000590C6 /* Networking */,
				37A84D6824E20FBC0006AF73 /* Sources */,
				37C2308D24E09E1100D82388 /* Utils */,
			);
			path = Breeds;
			sourceTree = "<group>";
		};
		3748873C24D75B54003A2F4C /* BreedsTests */ = {
			isa = PBXGroup;
			children = (
				3748873D24D75B54003A2F4C /* BreedsTests.swift */,
				3748873F24D75B54003A2F4C /* Info.plist */,
			);
			path = BreedsTests;
			sourceTree = "<group>";
		};
		37A84D6824E20FBC0006AF73 /* Sources */ = {
			isa = PBXGroup;
			children = (
				37A84D6A24E20FE70006AF73 /* Colors.swift */,
				37A84D7224E2205B0006AF73 /* Identifier.swift */,
				3748872F24D75B54003A2F4C /* Assets.xcassets */,
			);
			path = Sources;
			sourceTree = "<group>";
		};
		37C2307F24DF4D6300D82388 /* RequestManager */ = {
			isa = PBXGroup;
			children = (
				37C2308124DF4D7E00D82388 /* RequestManager.swift */,
				37C2308024DF4D6B00D82388 /* Alamofire */,
			);
			path = RequestManager;
			sourceTree = "<group>";
		};
		37C2308024DF4D6B00D82388 /* Alamofire */ = {
			isa = PBXGroup;
			children = (
				37C2308324DF4DC500D82388 /* AlamofireRequestManager.swift */,
			);
			path = Alamofire;
			sourceTree = "<group>";
		};
		37C2308D24E09E1100D82388 /* Utils */ = {
			isa = PBXGroup;
			children = (
				37C2308E24E09F0C00D82388 /* UIImage+SetImage.swift */,
				37A84D6E24E212EE0006AF73 /* UIColor+Boilerplate.swift */,
			);
			path = Utils;
			sourceTree = "<group>";
		};
		37EE2BD724DB664D000590C6 /* Networking */ = {
			isa = PBXGroup;
			children = (
				37C2307F24DF4D6300D82388 /* RequestManager */,
				373EA9D724DCC18E00A2F236 /* TheDogAPI */,
			);
			path = Networking;
			sourceTree = "<group>";
		};
		EF2C8F5656BC059BC8CFE99D /* Frameworks */ = {
			isa = PBXGroup;
			children = (
				16ED894158264549FFF536FF /* Pods_Breeds.framework */,
				A77D1D9BB46E9DEF6BD0EF04 /* Pods_BreedsTests.framework */,
			);
			name = Frameworks;
			sourceTree = "<group>";
		};
		F5448412D7EA64F9D001EAD2 /* Pods */ = {
			isa = PBXGroup;
			children = (
				C8A49B37F5DFD717EAE19500 /* Pods-Breeds.debug.xcconfig */,
				F77BC15B0F23444CBA5524D4 /* Pods-Breeds.release.xcconfig */,
				1B008D59051ECCFC609BCC1E /* Pods-BreedsTests.debug.xcconfig */,
				9EFB0DB30FD29FF68C30A243 /* Pods-BreedsTests.release.xcconfig */,
			);
			path = Pods;
			sourceTree = "<group>";
		};
/* End PBXGroup section */

/* Begin PBXNativeTarget section */
		3748872224D75B52003A2F4C /* Breeds */ = {
			isa = PBXNativeTarget;
			buildConfigurationList = 3748874224D75B54003A2F4C /* Build configuration list for PBXNativeTarget "Breeds" */;
			buildPhases = (
				0BE1E5092739DD3839B89FBC /* [CP] Check Pods Manifest.lock */,
				3748871F24D75B52003A2F4C /* Sources */,
				3748872024D75B52003A2F4C /* Frameworks */,
				3748872124D75B52003A2F4C /* Resources */,
				3711A07424D8D7340072A231 /* Swift Lint */,
				BA688B944CD4C4DA4854D9DA /* [CP] Embed Pods Frameworks */,
			);
			buildRules = (
			);
			dependencies = (
			);
			name = Breeds;
			productName = Breeds;
			productReference = 3748872324D75B52003A2F4C /* Breeds.app */;
			productType = "com.apple.product-type.application";
		};
		3748873824D75B54003A2F4C /* BreedsTests */ = {
			isa = PBXNativeTarget;
			buildConfigurationList = 3748874524D75B54003A2F4C /* Build configuration list for PBXNativeTarget "BreedsTests" */;
			buildPhases = (
				81C842697F88A0EE664A98DA /* [CP] Check Pods Manifest.lock */,
				3748873524D75B54003A2F4C /* Sources */,
				3748873624D75B54003A2F4C /* Frameworks */,
				3748873724D75B54003A2F4C /* Resources */,
				2B732D2C0B80BBF4526B7E73 /* [CP] Embed Pods Frameworks */,
			);
			buildRules = (
			);
			dependencies = (
				3748873B24D75B54003A2F4C /* PBXTargetDependency */,
			);
			name = BreedsTests;
			productName = BreedsTests;
			productReference = 3748873924D75B54003A2F4C /* BreedsTests.xctest */;
			productType = "com.apple.product-type.bundle.unit-test";
		};
/* End PBXNativeTarget section */

/* Begin PBXProject section */
		3748871B24D75B52003A2F4C /* Project object */ = {
			isa = PBXProject;
			attributes = {
				LastSwiftUpdateCheck = 1160;
				LastUpgradeCheck = 1160;
				ORGANIZATIONNAME = borges.erick;
				TargetAttributes = {
					3748872224D75B52003A2F4C = {
						CreatedOnToolsVersion = 11.6;
					};
					3748873824D75B54003A2F4C = {
						CreatedOnToolsVersion = 11.6;
						TestTargetID = 3748872224D75B52003A2F4C;
					};
				};
			};
			buildConfigurationList = 3748871E24D75B52003A2F4C /* Build configuration list for PBXProject "Breeds" */;
			compatibilityVersion = "Xcode 9.3";
			developmentRegion = en;
			hasScannedForEncodings = 0;
			knownRegions = (
				en,
				Base,
			);
			mainGroup = 3748871A24D75B52003A2F4C;
			productRefGroup = 3748872424D75B52003A2F4C /* Products */;
			projectDirPath = "";
			projectRoot = "";
			targets = (
				3748872224D75B52003A2F4C /* Breeds */,
				3748873824D75B54003A2F4C /* BreedsTests */,
			);
		};
/* End PBXProject section */

/* Begin PBXResourcesBuildPhase section */
		3748872124D75B52003A2F4C /* Resources */ = {
			isa = PBXResourcesBuildPhase;
			buildActionMask = 2147483647;
			files = (
				3748873324D75B54003A2F4C /* LaunchScreen.storyboard in Resources */,
				3748873024D75B54003A2F4C /* Assets.xcassets in Resources */,
				3748872E24D75B52003A2F4C /* Main.storyboard in Resources */,
			);
			runOnlyForDeploymentPostprocessing = 0;
		};
		3748873724D75B54003A2F4C /* Resources */ = {
			isa = PBXResourcesBuildPhase;
			buildActionMask = 2147483647;
			files = (
			);
			runOnlyForDeploymentPostprocessing = 0;
		};
/* End PBXResourcesBuildPhase section */

/* Begin PBXShellScriptBuildPhase section */
		0BE1E5092739DD3839B89FBC /* [CP] Check Pods Manifest.lock */ = {
			isa = PBXShellScriptBuildPhase;
			buildActionMask = 2147483647;
			files = (
			);
			inputFileListPaths = (
			);
			inputPaths = (
				"${PODS_PODFILE_DIR_PATH}/Podfile.lock",
				"${PODS_ROOT}/Manifest.lock",
			);
			name = "[CP] Check Pods Manifest.lock";
			outputFileListPaths = (
			);
			outputPaths = (
				"$(DERIVED_FILE_DIR)/Pods-Breeds-checkManifestLockResult.txt",
			);
			runOnlyForDeploymentPostprocessing = 0;
			shellPath = /bin/sh;
			shellScript = "diff \"${PODS_PODFILE_DIR_PATH}/Podfile.lock\" \"${PODS_ROOT}/Manifest.lock\" > /dev/null\nif [ $? != 0 ] ; then\n    # print error to STDERR\n    echo \"error: The sandbox is not in sync with the Podfile.lock. Run 'pod install' or update your CocoaPods installation.\" >&2\n    exit 1\nfi\n# This output is used by Xcode 'outputs' to avoid re-running this script phase.\necho \"SUCCESS\" > \"${SCRIPT_OUTPUT_FILE_0}\"\n";
			showEnvVarsInLog = 0;
		};
		2B732D2C0B80BBF4526B7E73 /* [CP] Embed Pods Frameworks */ = {
			isa = PBXShellScriptBuildPhase;
			buildActionMask = 2147483647;
			files = (
			);
			inputFileListPaths = (
				"${PODS_ROOT}/Target Support Files/Pods-BreedsTests/Pods-BreedsTests-frameworks-${CONFIGURATION}-input-files.xcfilelist",
			);
			name = "[CP] Embed Pods Frameworks";
			outputFileListPaths = (
				"${PODS_ROOT}/Target Support Files/Pods-BreedsTests/Pods-BreedsTests-frameworks-${CONFIGURATION}-output-files.xcfilelist",
			);
			runOnlyForDeploymentPostprocessing = 0;
			shellPath = /bin/sh;
			shellScript = "\"${PODS_ROOT}/Target Support Files/Pods-BreedsTests/Pods-BreedsTests-frameworks.sh\"\n";
			showEnvVarsInLog = 0;
		};
		3711A07424D8D7340072A231 /* Swift Lint */ = {
			isa = PBXShellScriptBuildPhase;
			buildActionMask = 2147483647;
			files = (
			);
			inputFileListPaths = (
			);
			inputPaths = (
			);
			name = "Swift Lint";
			outputFileListPaths = (
			);
			outputPaths = (
			);
			runOnlyForDeploymentPostprocessing = 0;
			shellPath = /bin/zsh;
			shellScript = "\"${PODS_ROOT}/SwiftLint/swiftlint\"\n";
		};
		81C842697F88A0EE664A98DA /* [CP] Check Pods Manifest.lock */ = {
			isa = PBXShellScriptBuildPhase;
			buildActionMask = 2147483647;
			files = (
			);
			inputFileListPaths = (
			);
			inputPaths = (
				"${PODS_PODFILE_DIR_PATH}/Podfile.lock",
				"${PODS_ROOT}/Manifest.lock",
			);
			name = "[CP] Check Pods Manifest.lock";
			outputFileListPaths = (
			);
			outputPaths = (
				"$(DERIVED_FILE_DIR)/Pods-BreedsTests-checkManifestLockResult.txt",
			);
			runOnlyForDeploymentPostprocessing = 0;
			shellPath = /bin/sh;
			shellScript = "diff \"${PODS_PODFILE_DIR_PATH}/Podfile.lock\" \"${PODS_ROOT}/Manifest.lock\" > /dev/null\nif [ $? != 0 ] ; then\n    # print error to STDERR\n    echo \"error: The sandbox is not in sync with the Podfile.lock. Run 'pod install' or update your CocoaPods installation.\" >&2\n    exit 1\nfi\n# This output is used by Xcode 'outputs' to avoid re-running this script phase.\necho \"SUCCESS\" > \"${SCRIPT_OUTPUT_FILE_0}\"\n";
			showEnvVarsInLog = 0;
		};
		BA688B944CD4C4DA4854D9DA /* [CP] Embed Pods Frameworks */ = {
			isa = PBXShellScriptBuildPhase;
			buildActionMask = 2147483647;
			files = (
			);
			inputFileListPaths = (
				"${PODS_ROOT}/Target Support Files/Pods-Breeds/Pods-Breeds-frameworks-${CONFIGURATION}-input-files.xcfilelist",
			);
			name = "[CP] Embed Pods Frameworks";
			outputFileListPaths = (
				"${PODS_ROOT}/Target Support Files/Pods-Breeds/Pods-Breeds-frameworks-${CONFIGURATION}-output-files.xcfilelist",
			);
			runOnlyForDeploymentPostprocessing = 0;
			shellPath = /bin/sh;
			shellScript = "\"${PODS_ROOT}/Target Support Files/Pods-Breeds/Pods-Breeds-frameworks.sh\"\n";
			showEnvVarsInLog = 0;
		};
/* End PBXShellScriptBuildPhase section */

/* Begin PBXSourcesBuildPhase section */
		3748871F24D75B52003A2F4C /* Sources */ = {
			isa = PBXSourcesBuildPhase;
			buildActionMask = 2147483647;
			files = (
				373EA9D524DCC0B800A2F236 /* TheDogAPIConfig.swift in Sources */,
				37A84D7324E2205B0006AF73 /* Identifier.swift in Sources */,
				373EA9DC24DCC22D00A2F236 /* ImagesAPI.swift in Sources */,
				3744774F24DB969200D90286 /* Breed.swift in Sources */,
				373EA9DE24DCC29B00A2F236 /* Image.swift in Sources */,
				37C2308F24E09F0C00D82388 /* UIImage+SetImage.swift in Sources */,
				3748872724D75B52003A2F4C /* AppDelegate.swift in Sources */,
				37C2308424DF4DC500D82388 /* AlamofireRequestManager.swift in Sources */,
				37A84D7024E213300006AF73 /* UIColor+Boilerplate.swift in Sources */,
				37C2308224DF4D7E00D82388 /* RequestManager.swift in Sources */,
				37A84D6B24E20FE70006AF73 /* Colors.swift in Sources */,
				3748872924D75B52003A2F4C /* SceneDelegate.swift in Sources */,
				3744774B24DB783600D90286 /* BreedsAPI.swift in Sources */,
			);
			runOnlyForDeploymentPostprocessing = 0;
		};
		3748873524D75B54003A2F4C /* Sources */ = {
			isa = PBXSourcesBuildPhase;
			buildActionMask = 2147483647;
			files = (
				3748873E24D75B54003A2F4C /* BreedsTests.swift in Sources */,
			);
			runOnlyForDeploymentPostprocessing = 0;
		};
/* End PBXSourcesBuildPhase section */

/* Begin PBXTargetDependency section */
		3748873B24D75B54003A2F4C /* PBXTargetDependency */ = {
			isa = PBXTargetDependency;
			target = 3748872224D75B52003A2F4C /* Breeds */;
			targetProxy = 3748873A24D75B54003A2F4C /* PBXContainerItemProxy */;
		};
/* End PBXTargetDependency section */

/* Begin PBXVariantGroup section */
		3748872C24D75B52003A2F4C /* Main.storyboard */ = {
			isa = PBXVariantGroup;
			children = (
				3748872D24D75B52003A2F4C /* Base */,
			);
			name = Main.storyboard;
			sourceTree = "<group>";
		};
		3748873124D75B54003A2F4C /* LaunchScreen.storyboard */ = {
			isa = PBXVariantGroup;
			children = (
				3748873224D75B54003A2F4C /* Base */,
			);
			name = LaunchScreen.storyboard;
			sourceTree = "<group>";
		};
/* End PBXVariantGroup section */

/* Begin XCBuildConfiguration section */
		3748874024D75B54003A2F4C /* Debug */ = {
			isa = XCBuildConfiguration;
			buildSettings = {
				ALWAYS_SEARCH_USER_PATHS = NO;
				CLANG_ANALYZER_NONNULL = YES;
				CLANG_ANALYZER_NUMBER_OBJECT_CONVERSION = YES_AGGRESSIVE;
				CLANG_CXX_LANGUAGE_STANDARD = "gnu++14";
				CLANG_CXX_LIBRARY = "libc++";
				CLANG_ENABLE_MODULES = YES;
				CLANG_ENABLE_OBJC_ARC = YES;
				CLANG_ENABLE_OBJC_WEAK = YES;
				CLANG_WARN_BLOCK_CAPTURE_AUTORELEASING = YES;
				CLANG_WARN_BOOL_CONVERSION = YES;
				CLANG_WARN_COMMA = YES;
				CLANG_WARN_CONSTANT_CONVERSION = YES;
				CLANG_WARN_DEPRECATED_OBJC_IMPLEMENTATIONS = YES;
				CLANG_WARN_DIRECT_OBJC_ISA_USAGE = YES_ERROR;
				CLANG_WARN_DOCUMENTATION_COMMENTS = YES;
				CLANG_WARN_EMPTY_BODY = YES;
				CLANG_WARN_ENUM_CONVERSION = YES;
				CLANG_WARN_INFINITE_RECURSION = YES;
				CLANG_WARN_INT_CONVERSION = YES;
				CLANG_WARN_NON_LITERAL_NULL_CONVERSION = YES;
				CLANG_WARN_OBJC_IMPLICIT_RETAIN_SELF = YES;
				CLANG_WARN_OBJC_LITERAL_CONVERSION = YES;
				CLANG_WARN_OBJC_ROOT_CLASS = YES_ERROR;
				CLANG_WARN_RANGE_LOOP_ANALYSIS = YES;
				CLANG_WARN_STRICT_PROTOTYPES = YES;
				CLANG_WARN_SUSPICIOUS_MOVE = YES;
				CLANG_WARN_UNGUARDED_AVAILABILITY = YES_AGGRESSIVE;
				CLANG_WARN_UNREACHABLE_CODE = YES;
				CLANG_WARN__DUPLICATE_METHOD_MATCH = YES;
				COPY_PHASE_STRIP = NO;
				DEBUG_INFORMATION_FORMAT = dwarf;
				ENABLE_STRICT_OBJC_MSGSEND = YES;
				ENABLE_TESTABILITY = YES;
				GCC_C_LANGUAGE_STANDARD = gnu11;
				GCC_DYNAMIC_NO_PIC = NO;
				GCC_NO_COMMON_BLOCKS = YES;
				GCC_OPTIMIZATION_LEVEL = 0;
				GCC_PREPROCESSOR_DEFINITIONS = (
					"DEBUG=1",
					"$(inherited)",
				);
				GCC_WARN_64_TO_32_BIT_CONVERSION = YES;
				GCC_WARN_ABOUT_RETURN_TYPE = YES_ERROR;
				GCC_WARN_UNDECLARED_SELECTOR = YES;
				GCC_WARN_UNINITIALIZED_AUTOS = YES_AGGRESSIVE;
				GCC_WARN_UNUSED_FUNCTION = YES;
				GCC_WARN_UNUSED_VARIABLE = YES;
				IPHONEOS_DEPLOYMENT_TARGET = 13.6;
				MTL_ENABLE_DEBUG_INFO = INCLUDE_SOURCE;
				MTL_FAST_MATH = YES;
				ONLY_ACTIVE_ARCH = YES;
				SDKROOT = iphoneos;
				SWIFT_ACTIVE_COMPILATION_CONDITIONS = DEBUG;
				SWIFT_OPTIMIZATION_LEVEL = "-Onone";
			};
			name = Debug;
		};
		3748874124D75B54003A2F4C /* Release */ = {
			isa = XCBuildConfiguration;
			buildSettings = {
				ALWAYS_SEARCH_USER_PATHS = NO;
				CLANG_ANALYZER_NONNULL = YES;
				CLANG_ANALYZER_NUMBER_OBJECT_CONVERSION = YES_AGGRESSIVE;
				CLANG_CXX_LANGUAGE_STANDARD = "gnu++14";
				CLANG_CXX_LIBRARY = "libc++";
				CLANG_ENABLE_MODULES = YES;
				CLANG_ENABLE_OBJC_ARC = YES;
				CLANG_ENABLE_OBJC_WEAK = YES;
				CLANG_WARN_BLOCK_CAPTURE_AUTORELEASING = YES;
				CLANG_WARN_BOOL_CONVERSION = YES;
				CLANG_WARN_COMMA = YES;
				CLANG_WARN_CONSTANT_CONVERSION = YES;
				CLANG_WARN_DEPRECATED_OBJC_IMPLEMENTATIONS = YES;
				CLANG_WARN_DIRECT_OBJC_ISA_USAGE = YES_ERROR;
				CLANG_WARN_DOCUMENTATION_COMMENTS = YES;
				CLANG_WARN_EMPTY_BODY = YES;
				CLANG_WARN_ENUM_CONVERSION = YES;
				CLANG_WARN_INFINITE_RECURSION = YES;
				CLANG_WARN_INT_CONVERSION = YES;
				CLANG_WARN_NON_LITERAL_NULL_CONVERSION = YES;
				CLANG_WARN_OBJC_IMPLICIT_RETAIN_SELF = YES;
				CLANG_WARN_OBJC_LITERAL_CONVERSION = YES;
				CLANG_WARN_OBJC_ROOT_CLASS = YES_ERROR;
				CLANG_WARN_RANGE_LOOP_ANALYSIS = YES;
				CLANG_WARN_STRICT_PROTOTYPES = YES;
				CLANG_WARN_SUSPICIOUS_MOVE = YES;
				CLANG_WARN_UNGUARDED_AVAILABILITY = YES_AGGRESSIVE;
				CLANG_WARN_UNREACHABLE_CODE = YES;
				CLANG_WARN__DUPLICATE_METHOD_MATCH = YES;
				COPY_PHASE_STRIP = NO;
				DEBUG_INFORMATION_FORMAT = "dwarf-with-dsym";
				ENABLE_NS_ASSERTIONS = NO;
				ENABLE_STRICT_OBJC_MSGSEND = YES;
				GCC_C_LANGUAGE_STANDARD = gnu11;
				GCC_NO_COMMON_BLOCKS = YES;
				GCC_WARN_64_TO_32_BIT_CONVERSION = YES;
				GCC_WARN_ABOUT_RETURN_TYPE = YES_ERROR;
				GCC_WARN_UNDECLARED_SELECTOR = YES;
				GCC_WARN_UNINITIALIZED_AUTOS = YES_AGGRESSIVE;
				GCC_WARN_UNUSED_FUNCTION = YES;
				GCC_WARN_UNUSED_VARIABLE = YES;
				IPHONEOS_DEPLOYMENT_TARGET = 13.6;
				MTL_ENABLE_DEBUG_INFO = NO;
				MTL_FAST_MATH = YES;
				SDKROOT = iphoneos;
				SWIFT_COMPILATION_MODE = wholemodule;
				SWIFT_OPTIMIZATION_LEVEL = "-O";
				VALIDATE_PRODUCT = YES;
			};
			name = Release;
		};
		3748874324D75B54003A2F4C /* Debug */ = {
			isa = XCBuildConfiguration;
			baseConfigurationReference = C8A49B37F5DFD717EAE19500 /* Pods-Breeds.debug.xcconfig */;
			buildSettings = {
				ASSETCATALOG_COMPILER_APPICON_NAME = AppIcon;
				CODE_SIGN_STYLE = Automatic;
				DEVELOPMENT_TEAM = QQ8Z3L4APX;
				INFOPLIST_FILE = Breeds/Info.plist;
				LD_RUNPATH_SEARCH_PATHS = (
					"$(inherited)",
					"@executable_path/Frameworks",
				);
				PRODUCT_BUNDLE_IDENTIFIER = com.borges.erick.Breeds;
				PRODUCT_NAME = "$(TARGET_NAME)";
				SWIFT_VERSION = 5.0;
				TARGETED_DEVICE_FAMILY = "1,2";
			};
			name = Debug;
		};
		3748874424D75B54003A2F4C /* Release */ = {
			isa = XCBuildConfiguration;
			baseConfigurationReference = F77BC15B0F23444CBA5524D4 /* Pods-Breeds.release.xcconfig */;
			buildSettings = {
				ASSETCATALOG_COMPILER_APPICON_NAME = AppIcon;
				CODE_SIGN_STYLE = Automatic;
				DEVELOPMENT_TEAM = QQ8Z3L4APX;
				INFOPLIST_FILE = Breeds/Info.plist;
				LD_RUNPATH_SEARCH_PATHS = (
					"$(inherited)",
					"@executable_path/Frameworks",
				);
				PRODUCT_BUNDLE_IDENTIFIER = com.borges.erick.Breeds;
				PRODUCT_NAME = "$(TARGET_NAME)";
				SWIFT_VERSION = 5.0;
				TARGETED_DEVICE_FAMILY = "1,2";
			};
			name = Release;
		};
		3748874624D75B54003A2F4C /* Debug */ = {
			isa = XCBuildConfiguration;
			baseConfigurationReference = 1B008D59051ECCFC609BCC1E /* Pods-BreedsTests.debug.xcconfig */;
			buildSettings = {
				ALWAYS_EMBED_SWIFT_STANDARD_LIBRARIES = "$(inherited)";
				BUNDLE_LOADER = "$(TEST_HOST)";
				CODE_SIGN_STYLE = Automatic;
				DEVELOPMENT_TEAM = QQ8Z3L4APX;
				FRAMEWORK_SEARCH_PATHS = "$(inherited)";
				INFOPLIST_FILE = BreedsTests/Info.plist;
				IPHONEOS_DEPLOYMENT_TARGET = 13.6;
				LD_RUNPATH_SEARCH_PATHS = (
					"$(inherited)",
					"@executable_path/Frameworks",
					"@loader_path/Frameworks",
				);
				PRODUCT_BUNDLE_IDENTIFIER = com.borges.erick.BreedsTests;
				PRODUCT_NAME = "$(TARGET_NAME)";
				SWIFT_VERSION = 5.0;
				TARGETED_DEVICE_FAMILY = "1,2";
				TEST_HOST = "$(BUILT_PRODUCTS_DIR)/Breeds.app/Breeds";
			};
			name = Debug;
		};
		3748874724D75B54003A2F4C /* Release */ = {
			isa = XCBuildConfiguration;
			baseConfigurationReference = 9EFB0DB30FD29FF68C30A243 /* Pods-BreedsTests.release.xcconfig */;
			buildSettings = {
				ALWAYS_EMBED_SWIFT_STANDARD_LIBRARIES = "$(inherited)";
				BUNDLE_LOADER = "$(TEST_HOST)";
				CODE_SIGN_STYLE = Automatic;
				DEVELOPMENT_TEAM = QQ8Z3L4APX;
				FRAMEWORK_SEARCH_PATHS = "$(inherited)";
				INFOPLIST_FILE = BreedsTests/Info.plist;
				IPHONEOS_DEPLOYMENT_TARGET = 13.6;
				LD_RUNPATH_SEARCH_PATHS = (
					"$(inherited)",
					"@executable_path/Frameworks",
					"@loader_path/Frameworks",
				);
				PRODUCT_BUNDLE_IDENTIFIER = com.borges.erick.BreedsTests;
				PRODUCT_NAME = "$(TARGET_NAME)";
				SWIFT_VERSION = 5.0;
				TARGETED_DEVICE_FAMILY = "1,2";
				TEST_HOST = "$(BUILT_PRODUCTS_DIR)/Breeds.app/Breeds";
			};
			name = Release;
		};
/* End XCBuildConfiguration section */

/* Begin XCConfigurationList section */
		3748871E24D75B52003A2F4C /* Build configuration list for PBXProject "Breeds" */ = {
			isa = XCConfigurationList;
			buildConfigurations = (
				3748874024D75B54003A2F4C /* Debug */,
				3748874124D75B54003A2F4C /* Release */,
			);
			defaultConfigurationIsVisible = 0;
			defaultConfigurationName = Release;
		};
		3748874224D75B54003A2F4C /* Build configuration list for PBXNativeTarget "Breeds" */ = {
			isa = XCConfigurationList;
			buildConfigurations = (
				3748874324D75B54003A2F4C /* Debug */,
				3748874424D75B54003A2F4C /* Release */,
			);
			defaultConfigurationIsVisible = 0;
			defaultConfigurationName = Release;
		};
		3748874524D75B54003A2F4C /* Build configuration list for PBXNativeTarget "BreedsTests" */ = {
			isa = XCConfigurationList;
			buildConfigurations = (
				3748874624D75B54003A2F4C /* Debug */,
				3748874724D75B54003A2F4C /* Release */,
			);
			defaultConfigurationIsVisible = 0;
			defaultConfigurationName = Release;
		};
/* End XCConfigurationList section */
	};
	rootObject = 3748871B24D75B52003A2F4C /* Project object */;
}
